
Microsoft Visual Studio Solution File, Format Version 12.00
# Visual Studio Version 16
VisualStudioVersion = 16.0.29609.76
MinimumVisualStudioVersion = 10.0.40219.1
Project("{FAE04EC0-301F-11D3-BF4B-00C04F79EFBC}") = "ShopApp.Business", "ShopApp.Business\ShopApp.Business.csproj", "{AA12C6B2-A3F8-4CA2-A6BC-AC023EAB4921}"
EndProject
Project("{FAE04EC0-301F-11D3-BF4B-00C04F79EFBC}") = "ShopApp.DataAccess", "ShopApp.DataAccess\ShopApp.DataAccess.csproj", "{C6C6F970-E979-4B38-854D-8D8084CF5D9F}"
EndProject
Project("{FAE04EC0-301F-11D3-BF4B-00C04F79EFBC}") = "ShopApp.Entities", "ShopApp.Entities\ShopApp.Entities.csproj", "{769ADE55-8505-4E51-93CD-C35FC975EE82}"
EndProject
Project("{FAE04EC0-301F-11D3-BF4B-00C04F79EFBC}") = "ShopApp.WebUI", "ShopApp.WebUI\ShopApp.WebUI.csproj", "{6127454E-9151-4F6F-98EB-4A94A027686F}"
EndProject
Global
	GlobalSection(SolutionConfigurationPlatforms) = preSolution
		Debug|Any CPU = Debug|Any CPU
		Release|Any CPU = Release|Any CPU
	EndGlobalSection
	GlobalSection(ProjectConfigurationPlatforms) = postSolution
		{AA12C6B2-A3F8-4CA2-A6BC-AC023EAB4921}.Debug|Any CPU.ActiveCfg = Debug|Any CPU
		{AA12C6B2-A3F8-4CA2-A6BC-AC023EAB4921}.Debug|Any CPU.Build.0 = Debug|Any CPU
		{AA12C6B2-A3F8-4CA2-A6BC-AC023EAB4921}.Release|Any CPU.ActiveCfg = Release|Any CPU
		{AA12C6B2-A3F8-4CA2-A6BC-AC023EAB4921}.Release|Any CPU.Build.0 = Release|Any CPU
		{C6C6F970-E979-4B38-854D-8D8084CF5D9F}.Debug|Any CPU.ActiveCfg = Debug|Any CPU
		{C6C6F970-E979-4B38-854D-8D8084CF5D9F}.Debug|Any CPU.Build.0 = Debug|Any CPU
		{C6C6F970-E979-4B38-854D-8D8084CF5D9F}.Release|Any CPU.ActiveCfg = Release|Any CPU
		{C6C6F970-E979-4B38-854D-8D8084CF5D9F}.Release|Any CPU.Build.0 = Release|Any CPU
		{769ADE55-8505-4E51-93CD-C35FC975EE82}.Debug|Any CPU.ActiveCfg = Debug|Any CPU
		{769ADE55-8505-4E51-93CD-C35FC975EE82}.Debug|Any CPU.Build.0 = Debug|Any CPU
		{769ADE55-8505-4E51-93CD-C35FC975EE82}.Release|Any CPU.ActiveCfg = Release|Any CPU
		{769ADE55-8505-4E51-93CD-C35FC975EE82}.Release|Any CPU.Build.0 = Release|Any CPU
		{6127454E-9151-4F6F-98EB-4A94A027686F}.Debug|Any CPU.ActiveCfg = Debug|Any CPU
		{6127454E-9151-4F6F-98EB-4A94A027686F}.Debug|Any CPU.Build.0 = Debug|Any CPU
		{6127454E-9151-4F6F-98EB-4A94A027686F}.Release|Any CPU.ActiveCfg = Release|Any CPU
		{6127454E-9151-4F6F-98EB-4A94A027686F}.Release|Any CPU.Build.0 = Release|Any CPU
	EndGlobalSection
	GlobalSection(SolutionProperties) = preSolution
		HideSolutionNode = FALSE
	EndGlobalSection
	GlobalSection(ExtensibilityGlobals) = postSolution
		SolutionGuid = {8821B100-4F54-4308-A692-4A46560F04E6}
	EndGlobalSection
EndGlobal
